
Microsoft Visual Studio Solution File, Format Version 12.00
# Visual Studio 15
VisualStudioVersion = 15.0.28307.1585
MinimumVisualStudioVersion = 10.0.40219.1
Project("{FAE04EC0-301F-11D3-BF4B-00C04F79EFBC}") = "ToDoAPI.API", "ToDoAPI.API\ToDoAPI.API.csproj", "{37BDC5FF-0206-488B-90CD-B11BEB78F310}"
EndProject
Project("{FAE04EC0-301F-11D3-BF4B-00C04F79EFBC}") = "ToDoAPI.DATA.EF", "ToDoAPI.DATA.EF\ToDoAPI.DATA.EF.csproj", "{D15D09A0-ADAF-4CEC-AF86-EA2532B9A654}"
EndProject
Global
	GlobalSection(SolutionConfigurationPlatforms) = preSolution
		Debug|Any CPU = Debug|Any CPU
		Release|Any CPU = Release|Any CPU
	EndGlobalSection
	GlobalSection(ProjectConfigurationPlatforms) = postSolution
		{37BDC5FF-0206-488B-90CD-B11BEB78F310}.Debug|Any CPU.ActiveCfg = Debug|Any CPU
		{37BDC5FF-0206-488B-90CD-B11BEB78F310}.Debug|Any CPU.Build.0 = Debug|Any CPU
		{37BDC5FF-0206-488B-90CD-B11BEB78F310}.Release|Any CPU.ActiveCfg = Release|Any CPU
		{37BDC5FF-0206-488B-90CD-B11BEB78F310}.Release|Any CPU.Build.0 = Release|Any CPU
		{D15D09A0-ADAF-4CEC-AF86-EA2532B9A654}.Debug|Any CPU.ActiveCfg = Debug|Any CPU
		{D15D09A0-ADAF-4CEC-AF86-EA2532B9A654}.Debug|Any CPU.Build.0 = Debug|Any CPU
		{D15D09A0-ADAF-4CEC-AF86-EA2532B9A654}.Release|Any CPU.ActiveCfg = Release|Any CPU
		{D15D09A0-ADAF-4CEC-AF86-EA2532B9A654}.Release|Any CPU.Build.0 = Release|Any CPU
	EndGlobalSection
	GlobalSection(SolutionProperties) = preSolution
		HideSolutionNode = FALSE
	EndGlobalSection
	GlobalSection(ExtensibilityGlobals) = postSolution
		SolutionGuid = {1481F738-FEF3-42FF-BF93-E72DD2B833D4}
	EndGlobalSection
EndGlobal
